
Microsoft Visual Studio Solution File, Format Version 12.00
# Visual Studio 15
Project("{FAE04EC0-301F-11D3-BF4B-00C04F79EFBC}") = "AstarPathfindingProject", "AstarPathfindingProject.csproj", "{28EB8BC6-04A5-3999-41A8-8215222E3E98}"
EndProject
Project("{FAE04EC0-301F-11D3-BF4B-00C04F79EFBC}") = "Assembly-CSharp", "Assembly-CSharp.csproj", "{15917914-EEE0-129C-8238-6B4A3FCD531F}"
EndProject
Project("{FAE04EC0-301F-11D3-BF4B-00C04F79EFBC}") = "AstarPathfindingProjectEditor", "AstarPathfindingProjectEditor.csproj", "{C70E0EDC-0212-D7E3-E23D-2E62B770A1AE}"
EndProject
Project("{FAE04EC0-301F-11D3-BF4B-00C04F79EFBC}") = "PackageToolsEditor", "PackageToolsEditor.csproj", "{27FDF785-11FC-DA3F-EB70-D8F4B5EA8AA6}"
EndProject
Global
	GlobalSection(SolutionConfigurationPlatforms) = preSolution
		Debug|Any CPU = Debug|Any CPU
		Release|Any CPU = Release|Any CPU
	EndGlobalSection
	GlobalSection(ProjectConfigurationPlatforms) = postSolution
		{28EB8BC6-04A5-3999-41A8-8215222E3E98}.Debug|Any CPU.ActiveCfg = Debug|Any CPU
		{28EB8BC6-04A5-3999-41A8-8215222E3E98}.Debug|Any CPU.Build.0 = Debug|Any CPU
		{28EB8BC6-04A5-3999-41A8-8215222E3E98}.Release|Any CPU.ActiveCfg = Release|Any CPU
		{28EB8BC6-04A5-3999-41A8-8215222E3E98}.Release|Any CPU.Build.0 = Release|Any CPU
		{15917914-EEE0-129C-8238-6B4A3FCD531F}.Debug|Any CPU.ActiveCfg = Debug|Any CPU
		{15917914-EEE0-129C-8238-6B4A3FCD531F}.Debug|Any CPU.Build.0 = Debug|Any CPU
		{15917914-EEE0-129C-8238-6B4A3FCD531F}.Release|Any CPU.ActiveCfg = Release|Any CPU
		{15917914-EEE0-129C-8238-6B4A3FCD531F}.Release|Any CPU.Build.0 = Release|Any CPU
		{C70E0EDC-0212-D7E3-E23D-2E62B770A1AE}.Debug|Any CPU.ActiveCfg = Debug|Any CPU
		{C70E0EDC-0212-D7E3-E23D-2E62B770A1AE}.Debug|Any CPU.Build.0 = Debug|Any CPU
		{C70E0EDC-0212-D7E3-E23D-2E62B770A1AE}.Release|Any CPU.ActiveCfg = Release|Any CPU
		{C70E0EDC-0212-D7E3-E23D-2E62B770A1AE}.Release|Any CPU.Build.0 = Release|Any CPU
		{27FDF785-11FC-DA3F-EB70-D8F4B5EA8AA6}.Debug|Any CPU.ActiveCfg = Debug|Any CPU
		{27FDF785-11FC-DA3F-EB70-D8F4B5EA8AA6}.Debug|Any CPU.Build.0 = Debug|Any CPU
		{27FDF785-11FC-DA3F-EB70-D8F4B5EA8AA6}.Release|Any CPU.ActiveCfg = Release|Any CPU
		{27FDF785-11FC-DA3F-EB70-D8F4B5EA8AA6}.Release|Any CPU.Build.0 = Release|Any CPU
	EndGlobalSection
	GlobalSection(SolutionProperties) = preSolution
		HideSolutionNode = FALSE
	EndGlobalSection
	GlobalSection(MonoDevelopProperties) = preSolution
		StartupItem = Assembly-CSharp.csproj
	EndGlobalSection
EndGlobal
